// !$*UTF8*$!
{
	archiveVersion = 1;
	classes = {
	};
	objectVersion = 46;
	objects = {

/* Begin PBXBuildFile section */
		C80796F41EC5FB1A003F9545 /* 17_MergeSortedLists.cpp in Sources */ = {isa = PBXBuildFile; fileRef = C80796F21EC5FB1A003F9545 /* 17_MergeSortedLists.cpp */; };
		C85269291EC98A330071A587 /* 18_SubstructureInTree.cpp in Sources */ = {isa = PBXBuildFile; fileRef = C85269271EC98A330071A587 /* 18_SubstructureInTree.cpp */; };
		C852692C1ECAA4720071A587 /* 19_MirrorOfBinaryTree.cpp in Sources */ = {isa = PBXBuildFile; fileRef = C852692A1ECAA4720071A587 /* 19_MirrorOfBinaryTree.cpp */; };
		C852692F1ECAA7D00071A587 /* 20_PrintMatrix.cpp in Sources */ = {isa = PBXBuildFile; fileRef = C852692D1ECAA7D00071A587 /* 20_PrintMatrix.cpp */; };
		C85269321ECBED1A0071A587 /* 21_MinInStack.cpp in Sources */ = {isa = PBXBuildFile; fileRef = C85269301ECBED1A0071A587 /* 21_MinInStack.cpp */; };
		C85269351ECBFA950071A587 /* 22_StackPushPopOrder.cpp in Sources */ = {isa = PBXBuildFile; fileRef = C85269331ECBFA950071A587 /* 22_StackPushPopOrder.cpp */; };
		C867F5F31EC092990099DA99 /* permutation_string.cpp in Sources */ = {isa = PBXBuildFile; fileRef = C867F5F11EC092990099DA99 /* permutation_string.cpp */; };
		C889F2FD1EC16014007A9C13 /* build_tree.cpp in Sources */ = {isa = PBXBuildFile; fileRef = C889F2FB1EC16014007A9C13 /* build_tree.cpp */; };
		C889F3001EC1E895007A9C13 /* min_number_in_rotated_array.cpp in Sources */ = {isa = PBXBuildFile; fileRef = C889F2FE1EC1E895007A9C13 /* min_number_in_rotated_array.cpp */; };
		C889F3031EC1F378007A9C13 /* fabonacci.cpp in Sources */ = {isa = PBXBuildFile; fileRef = C889F3011EC1F378007A9C13 /* fabonacci.cpp */; };
		C88F3EA01EC33238007A1E74 /* power.cpp in Sources */ = {isa = PBXBuildFile; fileRef = C88F3E9E1EC33238007A1E74 /* power.cpp */; };
		C88F3EA31EC44526007A1E74 /* 12_Print1ToMaxOfNDigits.cpp in Sources */ = {isa = PBXBuildFile; fileRef = C88F3EA11EC44526007A1E74 /* 12_Print1ToMaxOfNDigits.cpp */; };
		C88F3EA61EC56251007A1E74 /* 13_DeleteNodeInList.cpp in Sources */ = {isa = PBXBuildFile; fileRef = C88F3EA41EC56251007A1E74 /* 13_DeleteNodeInList.cpp */; };
		C88F3EA91EC58D21007A1E74 /* 14_ReorderArray.cpp in Sources */ = {isa = PBXBuildFile; fileRef = C88F3EA71EC58D21007A1E74 /* 14_ReorderArray.cpp */; };
		C88F3EAC1EC59BBB007A1E74 /* 15_KthNodeFromEnd.cpp in Sources */ = {isa = PBXBuildFile; fileRef = C88F3EAA1EC59BBB007A1E74 /* 15_KthNodeFromEnd.cpp */; };
		C88F3EAF1EC5B742007A1E74 /* 16_ReverseList.cpp in Sources */ = {isa = PBXBuildFile; fileRef = C88F3EAD1EC5B742007A1E74 /* 16_ReverseList.cpp */; };
		C8CF62AC1EB9AE680069385F /* main.cpp in Sources */ = {isa = PBXBuildFile; fileRef = C8CF62AB1EB9AE680069385F /* main.cpp */; };
		C8CF62B41EB9AE8D0069385F /* reverse_string.cpp in Sources */ = {isa = PBXBuildFile; fileRef = C8CF62B21EB9AE8D0069385F /* reverse_string.cpp */; };
/* End PBXBuildFile section */

/* Begin PBXCopyFilesBuildPhase section */
		C8CF62A61EB9AE680069385F /* CopyFiles */ = {
			isa = PBXCopyFilesBuildPhase;
			buildActionMask = 2147483647;
			dstPath = /usr/share/man/man1/;
			dstSubfolderSpec = 0;
			files = (
			);
			runOnlyForDeploymentPostprocessing = 1;
		};
/* End PBXCopyFilesBuildPhase section */

/* Begin PBXFileReference section */
		C80796F21EC5FB1A003F9545 /* 17_MergeSortedLists.cpp */ = {isa = PBXFileReference; fileEncoding = 4; lastKnownFileType = sourcecode.cpp.cpp; path = 17_MergeSortedLists.cpp; sourceTree = "<group>"; };
		C80796F31EC5FB1A003F9545 /* 17_MergeSortedLists.hpp */ = {isa = PBXFileReference; fileEncoding = 4; lastKnownFileType = sourcecode.cpp.h; path = 17_MergeSortedLists.hpp; sourceTree = "<group>"; };
		C85269271EC98A330071A587 /* 18_SubstructureInTree.cpp */ = {isa = PBXFileReference; fileEncoding = 4; lastKnownFileType = sourcecode.cpp.cpp; path = 18_SubstructureInTree.cpp; sourceTree = "<group>"; };
		C85269281EC98A330071A587 /* 18_SubstructureInTree.hpp */ = {isa = PBXFileReference; fileEncoding = 4; lastKnownFileType = sourcecode.cpp.h; path = 18_SubstructureInTree.hpp; sourceTree = "<group>"; };
		C852692A1ECAA4720071A587 /* 19_MirrorOfBinaryTree.cpp */ = {isa = PBXFileReference; fileEncoding = 4; lastKnownFileType = sourcecode.cpp.cpp; path = 19_MirrorOfBinaryTree.cpp; sourceTree = "<group>"; };
		C852692B1ECAA4720071A587 /* 19_MirrorOfBinaryTree.hpp */ = {isa = PBXFileReference; fileEncoding = 4; lastKnownFileType = sourcecode.cpp.h; path = 19_MirrorOfBinaryTree.hpp; sourceTree = "<group>"; };
		C852692D1ECAA7D00071A587 /* 20_PrintMatrix.cpp */ = {isa = PBXFileReference; fileEncoding = 4; lastKnownFileType = sourcecode.cpp.cpp; path = 20_PrintMatrix.cpp; sourceTree = "<group>"; };
		C852692E1ECAA7D00071A587 /* 20_PrintMatrix.hpp */ = {isa = PBXFileReference; fileEncoding = 4; lastKnownFileType = sourcecode.cpp.h; path = 20_PrintMatrix.hpp; sourceTree = "<group>"; };
		C85269301ECBED1A0071A587 /* 21_MinInStack.cpp */ = {isa = PBXFileReference; fileEncoding = 4; lastKnownFileType = sourcecode.cpp.cpp; path = 21_MinInStack.cpp; sourceTree = "<group>"; };
		C85269311ECBED1A0071A587 /* 21_MinInStack.hpp */ = {isa = PBXFileReference; fileEncoding = 4; lastKnownFileType = sourcecode.cpp.h; path = 21_MinInStack.hpp; sourceTree = "<group>"; };
		C85269331ECBFA950071A587 /* 22_StackPushPopOrder.cpp */ = {isa = PBXFileReference; fileEncoding = 4; lastKnownFileType = sourcecode.cpp.cpp; path = 22_StackPushPopOrder.cpp; sourceTree = "<group>"; };
		C85269341ECBFA950071A587 /* 22_StackPushPopOrder.hpp */ = {isa = PBXFileReference; fileEncoding = 4; lastKnownFileType = sourcecode.cpp.h; path = 22_StackPushPopOrder.hpp; sourceTree = "<group>"; };
		C867F5F11EC092990099DA99 /* permutation_string.cpp */ = {isa = PBXFileReference; fileEncoding = 4; lastKnownFileType = sourcecode.cpp.cpp; path = permutation_string.cpp; sourceTree = "<group>"; };
		C867F5F21EC092990099DA99 /* permutation_string.hpp */ = {isa = PBXFileReference; fileEncoding = 4; lastKnownFileType = sourcecode.cpp.h; path = permutation_string.hpp; sourceTree = "<group>"; };
		C889F2FB1EC16014007A9C13 /* build_tree.cpp */ = {isa = PBXFileReference; fileEncoding = 4; lastKnownFileType = sourcecode.cpp.cpp; path = build_tree.cpp; sourceTree = "<group>"; };
		C889F2FC1EC16014007A9C13 /* build_tree.hpp */ = {isa = PBXFileReference; fileEncoding = 4; lastKnownFileType = sourcecode.cpp.h; path = build_tree.hpp; sourceTree = "<group>"; };
		C889F2FE1EC1E895007A9C13 /* min_number_in_rotated_array.cpp */ = {isa = PBXFileReference; fileEncoding = 4; lastKnownFileType = sourcecode.cpp.cpp; path = min_number_in_rotated_array.cpp; sourceTree = "<group>"; };
		C889F2FF1EC1E895007A9C13 /* min_number_in_rotated_array.hpp */ = {isa = PBXFileReference; fileEncoding = 4; lastKnownFileType = sourcecode.cpp.h; path = min_number_in_rotated_array.hpp; sourceTree = "<group>"; };
		C889F3011EC1F378007A9C13 /* fabonacci.cpp */ = {isa = PBXFileReference; fileEncoding = 4; lastKnownFileType = sourcecode.cpp.cpp; path = fabonacci.cpp; sourceTree = "<group>"; };
		C889F3021EC1F378007A9C13 /* fabonacci.hpp */ = {isa = PBXFileReference; fileEncoding = 4; lastKnownFileType = sourcecode.cpp.h; path = fabonacci.hpp; sourceTree = "<group>"; };
		C88F3E9E1EC33238007A1E74 /* power.cpp */ = {isa = PBXFileReference; fileEncoding = 4; lastKnownFileType = sourcecode.cpp.cpp; path = power.cpp; sourceTree = "<group>"; };
		C88F3E9F1EC33238007A1E74 /* power.hpp */ = {isa = PBXFileReference; fileEncoding = 4; lastKnownFileType = sourcecode.cpp.h; path = power.hpp; sourceTree = "<group>"; };
		C88F3EA11EC44526007A1E74 /* 12_Print1ToMaxOfNDigits.cpp */ = {isa = PBXFileReference; fileEncoding = 4; lastKnownFileType = sourcecode.cpp.cpp; path = 12_Print1ToMaxOfNDigits.cpp; sourceTree = "<group>"; };
		C88F3EA21EC44526007A1E74 /* 12_Print1ToMaxOfNDigits.hpp */ = {isa = PBXFileReference; fileEncoding = 4; lastKnownFileType = sourcecode.cpp.h; path = 12_Print1ToMaxOfNDigits.hpp; sourceTree = "<group>"; };
		C88F3EA41EC56251007A1E74 /* 13_DeleteNodeInList.cpp */ = {isa = PBXFileReference; fileEncoding = 4; lastKnownFileType = sourcecode.cpp.cpp; path = 13_DeleteNodeInList.cpp; sourceTree = "<group>"; };
		C88F3EA51EC56251007A1E74 /* 13_DeleteNodeInList.hpp */ = {isa = PBXFileReference; fileEncoding = 4; lastKnownFileType = sourcecode.cpp.h; path = 13_DeleteNodeInList.hpp; sourceTree = "<group>"; };
		C88F3EA71EC58D21007A1E74 /* 14_ReorderArray.cpp */ = {isa = PBXFileReference; fileEncoding = 4; lastKnownFileType = sourcecode.cpp.cpp; path = 14_ReorderArray.cpp; sourceTree = "<group>"; };
		C88F3EA81EC58D21007A1E74 /* 14_ReorderArray.hpp */ = {isa = PBXFileReference; fileEncoding = 4; lastKnownFileType = sourcecode.cpp.h; path = 14_ReorderArray.hpp; sourceTree = "<group>"; };
		C88F3EAA1EC59BBB007A1E74 /* 15_KthNodeFromEnd.cpp */ = {isa = PBXFileReference; fileEncoding = 4; lastKnownFileType = sourcecode.cpp.cpp; path = 15_KthNodeFromEnd.cpp; sourceTree = "<group>"; };
		C88F3EAB1EC59BBB007A1E74 /* 15_KthNodeFromEnd.hpp */ = {isa = PBXFileReference; fileEncoding = 4; lastKnownFileType = sourcecode.cpp.h; path = 15_KthNodeFromEnd.hpp; sourceTree = "<group>"; };
		C88F3EAD1EC5B742007A1E74 /* 16_ReverseList.cpp */ = {isa = PBXFileReference; fileEncoding = 4; lastKnownFileType = sourcecode.cpp.cpp; path = 16_ReverseList.cpp; sourceTree = "<group>"; };
		C88F3EAE1EC5B742007A1E74 /* 16_ReverseList.hpp */ = {isa = PBXFileReference; fileEncoding = 4; lastKnownFileType = sourcecode.cpp.h; path = 16_ReverseList.hpp; sourceTree = "<group>"; };
		C8CF62A81EB9AE680069385F /* BianChenZhiFa */ = {isa = PBXFileReference; explicitFileType = "compiled.mach-o.executable"; includeInIndex = 0; path = BianChenZhiFa; sourceTree = BUILT_PRODUCTS_DIR; };
		C8CF62AB1EB9AE680069385F /* main.cpp */ = {isa = PBXFileReference; lastKnownFileType = sourcecode.cpp.cpp; path = main.cpp; sourceTree = "<group>"; };
		C8CF62B21EB9AE8D0069385F /* reverse_string.cpp */ = {isa = PBXFileReference; fileEncoding = 4; lastKnownFileType = sourcecode.cpp.cpp; path = reverse_string.cpp; sourceTree = "<group>"; };
		C8CF62B31EB9AE8D0069385F /* reverse_string.h */ = {isa = PBXFileReference; fileEncoding = 4; lastKnownFileType = sourcecode.c.h; path = reverse_string.h; sourceTree = "<group>"; };
/* End PBXFileReference section */

/* Begin PBXFrameworksBuildPhase section */
		C8CF62A51EB9AE680069385F /* Frameworks */ = {
			isa = PBXFrameworksBuildPhase;
			buildActionMask = 2147483647;
			files = (
			);
			runOnlyForDeploymentPostprocessing = 0;
		};
/* End PBXFrameworksBuildPhase section */

/* Begin PBXGroup section */
		C8CF629F1EB9AE680069385F = {
			isa = PBXGroup;
			children = (
				C8CF62AA1EB9AE680069385F /* BianChenZhiFa */,
				C8CF62A91EB9AE680069385F /* Products */,
			);
			sourceTree = "<group>";
		};
		C8CF62A91EB9AE680069385F /* Products */ = {
			isa = PBXGroup;
			children = (
				C8CF62A81EB9AE680069385F /* BianChenZhiFa */,
			);
			name = Products;
			sourceTree = "<group>";
		};
		C8CF62AA1EB9AE680069385F /* BianChenZhiFa */ = {
			isa = PBXGroup;
			children = (
				C8CF62AB1EB9AE680069385F /* main.cpp */,
				C8CF62B31EB9AE8D0069385F /* reverse_string.h */,
				C8CF62B21EB9AE8D0069385F /* reverse_string.cpp */,
				C867F5F21EC092990099DA99 /* permutation_string.hpp */,
				C867F5F11EC092990099DA99 /* permutation_string.cpp */,
				C889F2FC1EC16014007A9C13 /* build_tree.hpp */,
				C889F2FB1EC16014007A9C13 /* build_tree.cpp */,
				C889F2FF1EC1E895007A9C13 /* min_number_in_rotated_array.hpp */,
				C889F2FE1EC1E895007A9C13 /* min_number_in_rotated_array.cpp */,
				C889F3011EC1F378007A9C13 /* fabonacci.cpp */,
				C889F3021EC1F378007A9C13 /* fabonacci.hpp */,
				C88F3E9E1EC33238007A1E74 /* power.cpp */,
				C88F3E9F1EC33238007A1E74 /* power.hpp */,
				C88F3EA11EC44526007A1E74 /* 12_Print1ToMaxOfNDigits.cpp */,
				C88F3EA21EC44526007A1E74 /* 12_Print1ToMaxOfNDigits.hpp */,
				C88F3EA41EC56251007A1E74 /* 13_DeleteNodeInList.cpp */,
				C88F3EA51EC56251007A1E74 /* 13_DeleteNodeInList.hpp */,
				C88F3EA71EC58D21007A1E74 /* 14_ReorderArray.cpp */,
				C88F3EA81EC58D21007A1E74 /* 14_ReorderArray.hpp */,
				C88F3EAA1EC59BBB007A1E74 /* 15_KthNodeFromEnd.cpp */,
				C88F3EAB1EC59BBB007A1E74 /* 15_KthNodeFromEnd.hpp */,
				C88F3EAD1EC5B742007A1E74 /* 16_ReverseList.cpp */,
				C88F3EAE1EC5B742007A1E74 /* 16_ReverseList.hpp */,
				C80796F21EC5FB1A003F9545 /* 17_MergeSortedLists.cpp */,
				C80796F31EC5FB1A003F9545 /* 17_MergeSortedLists.hpp */,
				C85269271EC98A330071A587 /* 18_SubstructureInTree.cpp */,
				C85269281EC98A330071A587 /* 18_SubstructureInTree.hpp */,
				C852692A1ECAA4720071A587 /* 19_MirrorOfBinaryTree.cpp */,
				C852692B1ECAA4720071A587 /* 19_MirrorOfBinaryTree.hpp */,
				C852692D1ECAA7D00071A587 /* 20_PrintMatrix.cpp */,
				C852692E1ECAA7D00071A587 /* 20_PrintMatrix.hpp */,
				C85269301ECBED1A0071A587 /* 21_MinInStack.cpp */,
				C85269311ECBED1A0071A587 /* 21_MinInStack.hpp */,
				C85269331ECBFA950071A587 /* 22_StackPushPopOrder.cpp */,
				C85269341ECBFA950071A587 /* 22_StackPushPopOrder.hpp */,
			);
			path = BianChenZhiFa;
			sourceTree = "<group>";
		};
/* End PBXGroup section */

/* Begin PBXNativeTarget section */
		C8CF62A71EB9AE680069385F /* BianChenZhiFa */ = {
			isa = PBXNativeTarget;
			buildConfigurationList = C8CF62AF1EB9AE680069385F /* Build configuration list for PBXNativeTarget "BianChenZhiFa" */;
			buildPhases = (
				C8CF62A41EB9AE680069385F /* Sources */,
				C8CF62A51EB9AE680069385F /* Frameworks */,
				C8CF62A61EB9AE680069385F /* CopyFiles */,
			);
			buildRules = (
			);
			dependencies = (
			);
			name = BianChenZhiFa;
			productName = BianChenZhiFa;
			productReference = C8CF62A81EB9AE680069385F /* BianChenZhiFa */;
			productType = "com.apple.product-type.tool";
		};
/* End PBXNativeTarget section */

/* Begin PBXProject section */
		C8CF62A01EB9AE680069385F /* Project object */ = {
			isa = PBXProject;
			attributes = {
				LastUpgradeCheck = 0830;
				ORGANIZATIONNAME = gu;
				TargetAttributes = {
					C8CF62A71EB9AE680069385F = {
						CreatedOnToolsVersion = 8.3;
						ProvisioningStyle = Automatic;
					};
				};
			};
			buildConfigurationList = C8CF62A31EB9AE680069385F /* Build configuration list for PBXProject "BianChenZhiFa" */;
			compatibilityVersion = "Xcode 3.2";
			developmentRegion = English;
			hasScannedForEncodings = 0;
			knownRegions = (
				en,
			);
			mainGroup = C8CF629F1EB9AE680069385F;
			productRefGroup = C8CF62A91EB9AE680069385F /* Products */;
			projectDirPath = "";
			projectRoot = "";
			targets = (
				C8CF62A71EB9AE680069385F /* BianChenZhiFa */,
			);
		};
/* End PBXProject section */

/* Begin PBXSourcesBuildPhase section */
		C8CF62A41EB9AE680069385F /* Sources */ = {
			isa = PBXSourcesBuildPhase;
			buildActionMask = 2147483647;
			files = (
				C852692C1ECAA4720071A587 /* 19_MirrorOfBinaryTree.cpp in Sources */,
				C88F3EAC1EC59BBB007A1E74 /* 15_KthNodeFromEnd.cpp in Sources */,
				C88F3EA61EC56251007A1E74 /* 13_DeleteNodeInList.cpp in Sources */,
				C85269321ECBED1A0071A587 /* 21_MinInStack.cpp in Sources */,
				C8CF62AC1EB9AE680069385F /* main.cpp in Sources */,
				C889F3001EC1E895007A9C13 /* min_number_in_rotated_array.cpp in Sources */,
				C8CF62B41EB9AE8D0069385F /* reverse_string.cpp in Sources */,
				C852692F1ECAA7D00071A587 /* 20_PrintMatrix.cpp in Sources */,
				C88F3EAF1EC5B742007A1E74 /* 16_ReverseList.cpp in Sources */,
				C889F2FD1EC16014007A9C13 /* build_tree.cpp in Sources */,
				C80796F41EC5FB1A003F9545 /* 17_MergeSortedLists.cpp in Sources */,
				C85269291EC98A330071A587 /* 18_SubstructureInTree.cpp in Sources */,
				C88F3EA31EC44526007A1E74 /* 12_Print1ToMaxOfNDigits.cpp in Sources */,
				C889F3031EC1F378007A9C13 /* fabonacci.cpp in Sources */,
				C867F5F31EC092990099DA99 /* permutation_string.cpp in Sources */,
				C88F3EA91EC58D21007A1E74 /* 14_ReorderArray.cpp in Sources */,
				C88F3EA01EC33238007A1E74 /* power.cpp in Sources */,
				C85269351ECBFA950071A587 /* 22_StackPushPopOrder.cpp in Sources */,
			);
			runOnlyForDeploymentPostprocessing = 0;
		};
/* End PBXSourcesBuildPhase section */

/* Begin XCBuildConfiguration section */
		C8CF62AD1EB9AE680069385F /* Debug */ = {
			isa = XCBuildConfiguration;
			buildSettings = {
				ALWAYS_SEARCH_USER_PATHS = NO;
				CLANG_ANALYZER_NONNULL = YES;
				CLANG_ANALYZER_NUMBER_OBJECT_CONVERSION = YES_AGGRESSIVE;
				CLANG_CXX_LANGUAGE_STANDARD = "gnu++0x";
				CLANG_CXX_LIBRARY = "libc++";
				CLANG_ENABLE_MODULES = YES;
				CLANG_ENABLE_OBJC_ARC = YES;
				CLANG_WARN_BOOL_CONVERSION = YES;
				CLANG_WARN_CONSTANT_CONVERSION = YES;
				CLANG_WARN_DIRECT_OBJC_ISA_USAGE = YES_ERROR;
				CLANG_WARN_DOCUMENTATION_COMMENTS = YES;
				CLANG_WARN_EMPTY_BODY = YES;
				CLANG_WARN_ENUM_CONVERSION = YES;
				CLANG_WARN_INFINITE_RECURSION = YES;
				CLANG_WARN_INT_CONVERSION = YES;
				CLANG_WARN_OBJC_ROOT_CLASS = YES_ERROR;
				CLANG_WARN_SUSPICIOUS_MOVE = YES;
				CLANG_WARN_UNREACHABLE_CODE = YES;
				CLANG_WARN__DUPLICATE_METHOD_MATCH = YES;
				CODE_SIGN_IDENTITY = "-";
				COPY_PHASE_STRIP = NO;
				DEBUG_INFORMATION_FORMAT = dwarf;
				ENABLE_STRICT_OBJC_MSGSEND = YES;
				ENABLE_TESTABILITY = YES;
				GCC_C_LANGUAGE_STANDARD = gnu99;
				GCC_DYNAMIC_NO_PIC = NO;
				GCC_NO_COMMON_BLOCKS = YES;
				GCC_OPTIMIZATION_LEVEL = 0;
				GCC_PREPROCESSOR_DEFINITIONS = (
					"DEBUG=1",
					"$(inherited)",
				);
				GCC_WARN_64_TO_32_BIT_CONVERSION = YES;
				GCC_WARN_ABOUT_RETURN_TYPE = YES_ERROR;
				GCC_WARN_UNDECLARED_SELECTOR = YES;
				GCC_WARN_UNINITIALIZED_AUTOS = YES_AGGRESSIVE;
				GCC_WARN_UNUSED_FUNCTION = YES;
				GCC_WARN_UNUSED_VARIABLE = YES;
				MACOSX_DEPLOYMENT_TARGET = 10.11;
				MTL_ENABLE_DEBUG_INFO = YES;
				ONLY_ACTIVE_ARCH = YES;
				SDKROOT = macosx;
			};
			name = Debug;
		};
		C8CF62AE1EB9AE680069385F /* Release */ = {
			isa = XCBuildConfiguration;
			buildSettings = {
				ALWAYS_SEARCH_USER_PATHS = NO;
				CLANG_ANALYZER_NONNULL = YES;
				CLANG_ANALYZER_NUMBER_OBJECT_CONVERSION = YES_AGGRESSIVE;
				CLANG_CXX_LANGUAGE_STANDARD = "gnu++0x";
				CLANG_CXX_LIBRARY = "libc++";
				CLANG_ENABLE_MODULES = YES;
				CLANG_ENABLE_OBJC_ARC = YES;
				CLANG_WARN_BOOL_CONVERSION = YES;
				CLANG_WARN_CONSTANT_CONVERSION = YES;
				CLANG_WARN_DIRECT_OBJC_ISA_USAGE = YES_ERROR;
				CLANG_WARN_DOCUMENTATION_COMMENTS = YES;
				CLANG_WARN_EMPTY_BODY = YES;
				CLANG_WARN_ENUM_CONVERSION = YES;
				CLANG_WARN_INFINITE_RECURSION = YES;
				CLANG_WARN_INT_CONVERSION = YES;
				CLANG_WARN_OBJC_ROOT_CLASS = YES_ERROR;
				CLANG_WARN_SUSPICIOUS_MOVE = YES;
				CLANG_WARN_UNREACHABLE_CODE = YES;
				CLANG_WARN__DUPLICATE_METHOD_MATCH = YES;
				CODE_SIGN_IDENTITY = "-";
				COPY_PHASE_STRIP = NO;
				DEBUG_INFORMATION_FORMAT = "dwarf-with-dsym";
				ENABLE_NS_ASSERTIONS = NO;
				ENABLE_STRICT_OBJC_MSGSEND = YES;
				GCC_C_LANGUAGE_STANDARD = gnu99;
				GCC_NO_COMMON_BLOCKS = YES;
				GCC_WARN_64_TO_32_BIT_CONVERSION = YES;
				GCC_WARN_ABOUT_RETURN_TYPE = YES_ERROR;
				GCC_WARN_UNDECLARED_SELECTOR = YES;
				GCC_WARN_UNINITIALIZED_AUTOS = YES_AGGRESSIVE;
				GCC_WARN_UNUSED_FUNCTION = YES;
				GCC_WARN_UNUSED_VARIABLE = YES;
				MACOSX_DEPLOYMENT_TARGET = 10.11;
				MTL_ENABLE_DEBUG_INFO = NO;
				SDKROOT = macosx;
			};
			name = Release;
		};
		C8CF62B01EB9AE680069385F /* Debug */ = {
			isa = XCBuildConfiguration;
			buildSettings = {
				MACOSX_DEPLOYMENT_TARGET = 10.11;
				PRODUCT_NAME = "$(TARGET_NAME)";
			};
			name = Debug;
		};
		C8CF62B11EB9AE680069385F /* Release */ = {
			isa = XCBuildConfiguration;
			buildSettings = {
				MACOSX_DEPLOYMENT_TARGET = 10.11;
				PRODUCT_NAME = "$(TARGET_NAME)";
			};
			name = Release;
		};
/* End XCBuildConfiguration section */

/* Begin XCConfigurationList section */
		C8CF62A31EB9AE680069385F /* Build configuration list for PBXProject "BianChenZhiFa" */ = {
			isa = XCConfigurationList;
			buildConfigurations = (
				C8CF62AD1EB9AE680069385F /* Debug */,
				C8CF62AE1EB9AE680069385F /* Release */,
			);
			defaultConfigurationIsVisible = 0;
			defaultConfigurationName = Release;
		};
		C8CF62AF1EB9AE680069385F /* Build configuration list for PBXNativeTarget "BianChenZhiFa" */ = {
			isa = XCConfigurationList;
			buildConfigurations = (
				C8CF62B01EB9AE680069385F /* Debug */,
				C8CF62B11EB9AE680069385F /* Release */,
			);
			defaultConfigurationIsVisible = 0;
			defaultConfigurationName = Release;
		};
/* End XCConfigurationList section */
	};
	rootObject = C8CF62A01EB9AE680069385F /* Project object */;
}
